
Microsoft Visual Studio Solution File, Format Version 12.00
# Visual Studio Version 16
VisualStudioVersion = 16.0.32106.194
MinimumVisualStudioVersion = 10.0.40219.1
Project("{FAE04EC0-301F-11D3-BF4B-00C04F79EFBC}") = "CSharp", "CSharp.csproj", "{3FD27B21-492F-4A1E-A95A-A943252FBE84}"
EndProject
Project("{FAE04EC0-301F-11D3-BF4B-00C04F79EFBC}") = "Snd_CSharp", "..\Snd_CSharp\Snd_CSharp.csproj", "{D216DE02-2D85-4152-B315-C65F4E914848}"
EndProject
Global
	GlobalSection(SolutionConfigurationPlatforms) = preSolution
		Debug|Any CPU = Debug|Any CPU
		Release|Any CPU = Release|Any CPU
	EndGlobalSection
	GlobalSection(ProjectConfigurationPlatforms) = postSolution
		{3FD27B21-492F-4A1E-A95A-A943252FBE84}.Debug|Any CPU.ActiveCfg = Debug|Any CPU
		{3FD27B21-492F-4A1E-A95A-A943252FBE84}.Debug|Any CPU.Build.0 = Debug|Any CPU
		{3FD27B21-492F-4A1E-A95A-A943252FBE84}.Release|Any CPU.ActiveCfg = Release|Any CPU
		{3FD27B21-492F-4A1E-A95A-A943252FBE84}.Release|Any CPU.Build.0 = Release|Any CPU
		{D216DE02-2D85-4152-B315-C65F4E914848}.Debug|Any CPU.ActiveCfg = Debug|Any CPU
		{D216DE02-2D85-4152-B315-C65F4E914848}.Debug|Any CPU.Build.0 = Debug|Any CPU
		{D216DE02-2D85-4152-B315-C65F4E914848}.Release|Any CPU.ActiveCfg = Release|Any CPU
		{D216DE02-2D85-4152-B315-C65F4E914848}.Release|Any CPU.Build.0 = Release|Any CPU
	EndGlobalSection
	GlobalSection(SolutionProperties) = preSolution
		HideSolutionNode = FALSE
	EndGlobalSection
	GlobalSection(ExtensibilityGlobals) = postSolution
		SolutionGuid = {80A1A4CB-D638-4FEB-8104-8C1C04B94368}
	EndGlobalSection
EndGlobal
