
Microsoft Visual Studio Solution File, Format Version 12.00
# Visual Studio Version 16
VisualStudioVersion = 16.0.31515.178
MinimumVisualStudioVersion = 10.0.40219.1
Project("{FAE04EC0-301F-11D3-BF4B-00C04F79EFBC}") = "netCore", "netCore\netCore.csproj", "{BB4704FC-DEF5-4FBC-985D-37582BEBDB5B}"
EndProject
Global
	GlobalSection(SolutionConfigurationPlatforms) = preSolution
		Debug|Any CPU = Debug|Any CPU
		Release|Any CPU = Release|Any CPU
	EndGlobalSection
	GlobalSection(ProjectConfigurationPlatforms) = postSolution
		{BB4704FC-DEF5-4FBC-985D-37582BEBDB5B}.Debug|Any CPU.ActiveCfg = Debug|Any CPU
		{BB4704FC-DEF5-4FBC-985D-37582BEBDB5B}.Debug|Any CPU.Build.0 = Debug|Any CPU
		{BB4704FC-DEF5-4FBC-985D-37582BEBDB5B}.Release|Any CPU.ActiveCfg = Release|Any CPU
		{BB4704FC-DEF5-4FBC-985D-37582BEBDB5B}.Release|Any CPU.Build.0 = Release|Any CPU
	EndGlobalSection
	GlobalSection(SolutionProperties) = preSolution
		HideSolutionNode = FALSE
	EndGlobalSection
	GlobalSection(ExtensibilityGlobals) = postSolution
		SolutionGuid = {3A9ABA33-610B-447E-815C-D759F550983D}
	EndGlobalSection
EndGlobal
