
Microsoft Visual Studio Solution File, Format Version 12.00
# Visual Studio Version 16
VisualStudioVersion = 16.0.31515.178
MinimumVisualStudioVersion = 10.0.40219.1
Project("{FAE04EC0-301F-11D3-BF4B-00C04F79EFBC}") = "ConsoleGeomCmdTest", "ConsoleGeomCmdTest\ConsoleGeomCmdTest.csproj", "{CDF3813B-FF01-429A-939D-6199D5333963}"
EndProject
Project("{FAE04EC0-301F-11D3-BF4B-00C04F79EFBC}") = "ConsoleGeom.Lib", "ConsoleGeom.Lib\ConsoleGeom.Lib.csproj", "{546A4896-F754-4EC1-99DD-0B6E92CD1E7F}"
EndProject
Global
	GlobalSection(SolutionConfigurationPlatforms) = preSolution
		Debug|Any CPU = Debug|Any CPU
		Release|Any CPU = Release|Any CPU
	EndGlobalSection
	GlobalSection(ProjectConfigurationPlatforms) = postSolution
		{CDF3813B-FF01-429A-939D-6199D5333963}.Debug|Any CPU.ActiveCfg = Debug|Any CPU
		{CDF3813B-FF01-429A-939D-6199D5333963}.Debug|Any CPU.Build.0 = Debug|Any CPU
		{CDF3813B-FF01-429A-939D-6199D5333963}.Release|Any CPU.ActiveCfg = Release|Any CPU
		{CDF3813B-FF01-429A-939D-6199D5333963}.Release|Any CPU.Build.0 = Release|Any CPU
		{546A4896-F754-4EC1-99DD-0B6E92CD1E7F}.Debug|Any CPU.ActiveCfg = Debug|Any CPU
		{546A4896-F754-4EC1-99DD-0B6E92CD1E7F}.Debug|Any CPU.Build.0 = Debug|Any CPU
		{546A4896-F754-4EC1-99DD-0B6E92CD1E7F}.Release|Any CPU.ActiveCfg = Release|Any CPU
		{546A4896-F754-4EC1-99DD-0B6E92CD1E7F}.Release|Any CPU.Build.0 = Release|Any CPU
	EndGlobalSection
	GlobalSection(SolutionProperties) = preSolution
		HideSolutionNode = FALSE
	EndGlobalSection
	GlobalSection(ExtensibilityGlobals) = postSolution
		SolutionGuid = {EE95A907-1610-4DA8-BEF4-B3F6F67D1FD2}
	EndGlobalSection
EndGlobal
